github.com/opencoff/go-walk v0.4.2 h1:h+C+emyYjCAlgfUtjUnp2mFknDHrDlHwW9DZq7C1he8=
github.com/opencoff/go-walk v0.4.2/go.mod h1:KOaaED4TjMDDPwfweC2HEKFlfysyT2iMI5i2m35mCdA=
github.com/opencoff/pflag v1.0.6-sh2 h1:Vw3VuG7Z2Cmpev4U3mB16qXYP20RHoxCAlxPOPSpDJU=
github.com/opencoff/pflag v1.0.6-sh2/go.mod h1:2bXtpAD/5h/2LarkbsRwiUxqnvB1nZBzn9Xjad1P41A=
