github.com/opencoff/go-walk v0.1.1 h1:2lR6p9MTqPPwvujdT+rvYsvNSQ8jwMXVtkUZAsuwTGI=
github.com/opencoff/go-walk v0.1.1/go.mod h1:XWxjhkY75406eJbXXJAR7rvb57yvR3ZQm0lqNnoQ1LQ=
github.com/opencoff/pflag v0.5.0 h1:kK3cSTlGj0fHby/PoFzHkf+Jx3PdiACJwzYDWEWlEKQ=
github.com/opencoff/pflag v0.5.0/go.mod h1:mTLzGGUGda1Av3d34iAJlh0JIlRxmFZtmc6qoWPspK0=
